
Microsoft Visual Studio Solution File, Format Version 12.00
# Visual Studio Version 17
VisualStudioVersion = 17.14.37027.9 d17.14
MinimumVisualStudioVersion = 10.0.40219.1
Project("{FAE04EC0-301F-11D3-BF4B-00C04F79EFBC}") = "Bankszamla", "Bankszamla\Bankszamla.csproj", "{AF60CCD9-8569-45ED-AC44-DC5AE5CAD70B}"
EndProject
Global
	GlobalSection(SolutionConfigurationPlatforms) = preSolution
		Debug|Any CPU = Debug|Any CPU
		Release|Any CPU = Release|Any CPU
	EndGlobalSection
	GlobalSection(ProjectConfigurationPlatforms) = postSolution
		{AF60CCD9-8569-45ED-AC44-DC5AE5CAD70B}.Debug|Any CPU.ActiveCfg = Debug|Any CPU
		{AF60CCD9-8569-45ED-AC44-DC5AE5CAD70B}.Debug|Any CPU.Build.0 = Debug|Any CPU
		{AF60CCD9-8569-45ED-AC44-DC5AE5CAD70B}.Release|Any CPU.ActiveCfg = Release|Any CPU
		{AF60CCD9-8569-45ED-AC44-DC5AE5CAD70B}.Release|Any CPU.Build.0 = Release|Any CPU
	EndGlobalSection
	GlobalSection(SolutionProperties) = preSolution
		HideSolutionNode = FALSE
	EndGlobalSection
	GlobalSection(ExtensibilityGlobals) = postSolution
		SolutionGuid = {37A4EBD9-2D53-4BEB-A7D6-6FE9ECD3DF91}
	EndGlobalSection
EndGlobal
